Microsoft Visual Studio Solution File, Format Version 11.00
# Visual Studio 2008

Project("{7CDF1C85-EAC2-4D49-BF6F-00A275E54CD0}") = "Crashing Ball", "Assembly-CSharp.csproj", "{D3A09D36-F634-6BD2-7BF7-7E2FB5364F39}"
EndProject
Project("{7CDF1C85-EAC2-4D49-BF6F-00A275E54CD0}") = "Crashing Ball", "Assembly-CSharp-Editor.csproj", "{FFA746D9-34A3-FDA6-DB94-A697B948D5A1}"
EndProject
Global
	GlobalSection(SolutionConfigurationPlatforms) = preSolution
		Debug|Any CPU = Debug|Any CPU
		Release|Any CPU = Release|Any CPU
	EndGlobalSection
	GlobalSection(ProjectConfigurationPlatforms) = postSolution
		{D3A09D36-F634-6BD2-7BF7-7E2FB5364F39}.Debug|Any CPU.ActiveCfg = Debug|Any CPU
		{D3A09D36-F634-6BD2-7BF7-7E2FB5364F39}.Debug|Any CPU.Build.0 = Debug|Any CPU
		{D3A09D36-F634-6BD2-7BF7-7E2FB5364F39}.Release|Any CPU.ActiveCfg = Release|Any CPU
		{D3A09D36-F634-6BD2-7BF7-7E2FB5364F39}.Release|Any CPU.Build.0 = Release|Any CPU
		{FFA746D9-34A3-FDA6-DB94-A697B948D5A1}.Debug|Any CPU.ActiveCfg = Debug|Any CPU
		{FFA746D9-34A3-FDA6-DB94-A697B948D5A1}.Debug|Any CPU.Build.0 = Debug|Any CPU
		{FFA746D9-34A3-FDA6-DB94-A697B948D5A1}.Release|Any CPU.ActiveCfg = Release|Any CPU
		{FFA746D9-34A3-FDA6-DB94-A697B948D5A1}.Release|Any CPU.Build.0 = Release|Any CPU
	EndGlobalSection
	GlobalSection(SolutionProperties) = preSolution
		HideSolutionNode = FALSE
	EndGlobalSection
	GlobalSection(MonoDevelopProperties) = preSolution
		StartupItem = Assembly-CSharp.csproj
	EndGlobalSection
EndGlobal
